
Microsoft Visual Studio Solution File, Format Version 12.00
# Visual Studio Version 17
VisualStudioVersion = 17.0.31919.166
MinimumVisualStudioVersion = 10.0.40219.1
Project("{8BC9CEB8-8B4A-11D0-8D11-00A0C91BC942}") = "kmp", "kmp.vcxproj", "{626EC15E-CEF0-4839-B59D-F5D9166AFDD7}"
EndProject
Global
	GlobalSection(SolutionConfigurationPlatforms) = preSolution
		Debug|x64 = Debug|x64
		Debug|x86 = Debug|x86
		Release|x64 = Release|x64
		Release|x86 = Release|x86
	EndGlobalSection
	GlobalSection(ProjectConfigurationPlatforms) = postSolution
		{626EC15E-CEF0-4839-B59D-F5D9166AFDD7}.Debug|x64.ActiveCfg = Debug|x64
		{626EC15E-CEF0-4839-B59D-F5D9166AFDD7}.Debug|x64.Build.0 = Debug|x64
		{626EC15E-CEF0-4839-B59D-F5D9166AFDD7}.Debug|x86.ActiveCfg = Debug|Win32
		{626EC15E-CEF0-4839-B59D-F5D9166AFDD7}.Debug|x86.Build.0 = Debug|Win32
		{626EC15E-CEF0-4839-B59D-F5D9166AFDD7}.Release|x64.ActiveCfg = Release|x64
		{626EC15E-CEF0-4839-B59D-F5D9166AFDD7}.Release|x64.Build.0 = Release|x64
		{626EC15E-CEF0-4839-B59D-F5D9166AFDD7}.Release|x86.ActiveCfg = Release|Win32
		{626EC15E-CEF0-4839-B59D-F5D9166AFDD7}.Release|x86.Build.0 = Release|Win32
	EndGlobalSection
	GlobalSection(SolutionProperties) = preSolution
		HideSolutionNode = FALSE
	EndGlobalSection
	GlobalSection(ExtensibilityGlobals) = postSolution
		SolutionGuid = {81E33794-037C-477D-90C8-1017A205D0CC}
	EndGlobalSection
EndGlobal
